
Microsoft Visual Studio Solution File, Format Version 12.00
# Visual Studio Version 16
VisualStudioVersion = 16.0.30804.86
MinimumVisualStudioVersion = 10.0.40219.1
Project("{9A19103F-16F7-4668-BE54-9A1E7A4F7556}") = "Luna.Recruitment.VisaProcessing.Web", "Luna.Recuitement.VisaProcessing.Web\Luna.Recruitment.VisaProcessing.Web.csproj", "{E8A6AD87-D388-4B4A-ACD6-52D6BEF48A27}"
EndProject
Project("{9A19103F-16F7-4668-BE54-9A1E7A4F7556}") = "Luna.Recruitment.VisaProcessing.Data", "Luna.Recruitment.VisaProcessing.Data\Luna.Recruitment.VisaProcessing.Data.csproj", "{73266B00-7E4A-4F36-A70B-85B8E10D4082}"
EndProject
Project("{9A19103F-16F7-4668-BE54-9A1E7A4F7556}") = "Luna.Recruitment.VisaProcessing.DTO", "Luna.Recruitment.VisaProcessing.DTO\Luna.Recruitment.VisaProcessing.DTO.csproj", "{7922C453-8AE0-465A-ADF7-33924BB9D33D}"
EndProject
Project("{FAE04EC0-301F-11D3-BF4B-00C04F79EFBC}") = "Luna.LoggerService", "Luna.LoggerService\Luna.LoggerService.csproj", "{50423322-D1E2-47AC-A034-9A83E25B0DF0}"
EndProject
Project("{FAE04EC0-301F-11D3-BF4B-00C04F79EFBC}") = "Luna.Contracts", "Luna.Contracts\Luna.Contracts.csproj", "{D167EA5B-8DE2-422B-870D-1CD63E6E4C64}"
EndProject
Global
	GlobalSection(SolutionConfigurationPlatforms) = preSolution
		Debug|Any CPU = Debug|Any CPU
		Release|Any CPU = Release|Any CPU
	EndGlobalSection
	GlobalSection(ProjectConfigurationPlatforms) = postSolution
		{E8A6AD87-D388-4B4A-ACD6-52D6BEF48A27}.Debug|Any CPU.ActiveCfg = Debug|Any CPU
		{E8A6AD87-D388-4B4A-ACD6-52D6BEF48A27}.Debug|Any CPU.Build.0 = Debug|Any CPU
		{E8A6AD87-D388-4B4A-ACD6-52D6BEF48A27}.Release|Any CPU.ActiveCfg = Release|Any CPU
		{E8A6AD87-D388-4B4A-ACD6-52D6BEF48A27}.Release|Any CPU.Build.0 = Release|Any CPU
		{73266B00-7E4A-4F36-A70B-85B8E10D4082}.Debug|Any CPU.ActiveCfg = Debug|Any CPU
		{73266B00-7E4A-4F36-A70B-85B8E10D4082}.Debug|Any CPU.Build.0 = Debug|Any CPU
		{73266B00-7E4A-4F36-A70B-85B8E10D4082}.Release|Any CPU.ActiveCfg = Release|Any CPU
		{73266B00-7E4A-4F36-A70B-85B8E10D4082}.Release|Any CPU.Build.0 = Release|Any CPU
		{7922C453-8AE0-465A-ADF7-33924BB9D33D}.Debug|Any CPU.ActiveCfg = Debug|Any CPU
		{7922C453-8AE0-465A-ADF7-33924BB9D33D}.Debug|Any CPU.Build.0 = Debug|Any CPU
		{7922C453-8AE0-465A-ADF7-33924BB9D33D}.Release|Any CPU.ActiveCfg = Release|Any CPU
		{7922C453-8AE0-465A-ADF7-33924BB9D33D}.Release|Any CPU.Build.0 = Release|Any CPU
		{50423322-D1E2-47AC-A034-9A83E25B0DF0}.Debug|Any CPU.ActiveCfg = Debug|Any CPU
		{50423322-D1E2-47AC-A034-9A83E25B0DF0}.Debug|Any CPU.Build.0 = Debug|Any CPU
		{50423322-D1E2-47AC-A034-9A83E25B0DF0}.Release|Any CPU.ActiveCfg = Release|Any CPU
		{50423322-D1E2-47AC-A034-9A83E25B0DF0}.Release|Any CPU.Build.0 = Release|Any CPU
		{D167EA5B-8DE2-422B-870D-1CD63E6E4C64}.Debug|Any CPU.ActiveCfg = Debug|Any CPU
		{D167EA5B-8DE2-422B-870D-1CD63E6E4C64}.Debug|Any CPU.Build.0 = Debug|Any CPU
		{D167EA5B-8DE2-422B-870D-1CD63E6E4C64}.Release|Any CPU.ActiveCfg = Release|Any CPU
		{D167EA5B-8DE2-422B-870D-1CD63E6E4C64}.Release|Any CPU.Build.0 = Release|Any CPU
	EndGlobalSection
	GlobalSection(SolutionProperties) = preSolution
		HideSolutionNode = FALSE
	EndGlobalSection
	GlobalSection(ExtensibilityGlobals) = postSolution
		SolutionGuid = {F4CAEBDA-046F-43A6-B757-140AB31C80A2}
	EndGlobalSection
EndGlobal
